
Microsoft Visual Studio Solution File, Format Version 12.00
# Visual Studio Version 17
VisualStudioVersion = 17.0.31717.71
MinimumVisualStudioVersion = 10.0.40219.1
Project("{FAE04EC0-301F-11D3-BF4B-00C04F79EFBC}") = "ConsoleApp4", "ConsoleApp4\ConsoleApp4.csproj", "{36413E4F-847B-49F9-9982-5E340E2B4839}"
EndProject
Global
	GlobalSection(SolutionConfigurationPlatforms) = preSolution
		Debug|Any CPU = Debug|Any CPU
		Release|Any CPU = Release|Any CPU
	EndGlobalSection
	GlobalSection(ProjectConfigurationPlatforms) = postSolution
		{36413E4F-847B-49F9-9982-5E340E2B4839}.Debug|Any CPU.ActiveCfg = Debug|Any CPU
		{36413E4F-847B-49F9-9982-5E340E2B4839}.Debug|Any CPU.Build.0 = Debug|Any CPU
		{36413E4F-847B-49F9-9982-5E340E2B4839}.Release|Any CPU.ActiveCfg = Release|Any CPU
		{36413E4F-847B-49F9-9982-5E340E2B4839}.Release|Any CPU.Build.0 = Release|Any CPU
	EndGlobalSection
	GlobalSection(SolutionProperties) = preSolution
		HideSolutionNode = FALSE
	EndGlobalSection
	GlobalSection(ExtensibilityGlobals) = postSolution
		SolutionGuid = {619D2FC6-E184-4E3D-AB98-32AB3C9B9371}
	EndGlobalSection
EndGlobal
